
Microsoft Visual Studio Solution File, Format Version 12.00
# Visual Studio 15
VisualStudioVersion = 15.0.27004.2005
MinimumVisualStudioVersion = 10.0.40219.1
Project("{FAE04EC0-301F-11D3-BF4B-00C04F79EFBC}") = "Practica2", "Practica2\Practica2.csproj", "{A754D37B-13FB-4C8F-A372-F2AD32876E9C}"
EndProject
Global
	GlobalSection(SolutionConfigurationPlatforms) = preSolution
		Debug|Any CPU = Debug|Any CPU
		Release|Any CPU = Release|Any CPU
	EndGlobalSection
	GlobalSection(ProjectConfigurationPlatforms) = postSolution
		{A754D37B-13FB-4C8F-A372-F2AD32876E9C}.Debug|Any CPU.ActiveCfg = Debug|Any CPU
		{A754D37B-13FB-4C8F-A372-F2AD32876E9C}.Debug|Any CPU.Build.0 = Debug|Any CPU
		{A754D37B-13FB-4C8F-A372-F2AD32876E9C}.Release|Any CPU.ActiveCfg = Release|Any CPU
		{A754D37B-13FB-4C8F-A372-F2AD32876E9C}.Release|Any CPU.Build.0 = Release|Any CPU
	EndGlobalSection
	GlobalSection(SolutionProperties) = preSolution
		HideSolutionNode = FALSE
	EndGlobalSection
	GlobalSection(ExtensibilityGlobals) = postSolution
		SolutionGuid = {3B0C3220-03D6-4258-A998-8F0F0DBFD130}
	EndGlobalSection
EndGlobal
